
Microsoft Visual Studio Solution File, Format Version 12.00
Project("{FAE04EC0-301F-11D3-BF4B-00C04F79EFBC}") = "XIVToDo", "XIVToDo\XIVToDo.csproj", "{3967D752-1DB5-459F-AEB4-6B1EA780AAAD}"
EndProject
Global
	GlobalSection(SolutionConfigurationPlatforms) = preSolution
		Debug|Any CPU = Debug|Any CPU
		Release|Any CPU = Release|Any CPU
	EndGlobalSection
	GlobalSection(ProjectConfigurationPlatforms) = postSolution
		{3967D752-1DB5-459F-AEB4-6B1EA780AAAD}.Debug|Any CPU.ActiveCfg = Debug|Any CPU
		{3967D752-1DB5-459F-AEB4-6B1EA780AAAD}.Debug|Any CPU.Build.0 = Debug|Any CPU
		{3967D752-1DB5-459F-AEB4-6B1EA780AAAD}.Release|Any CPU.ActiveCfg = Release|Any CPU
		{3967D752-1DB5-459F-AEB4-6B1EA780AAAD}.Release|Any CPU.Build.0 = Release|Any CPU
	EndGlobalSection
EndGlobal
